// !$*UTF8*$!
{
	archiveVersion = 1;
	classes = {
	};
	objectVersion = 50;
	objects = {

/* Begin PBXBuildFile section */
		0FEC333922A1179A000E1A6A /* AppDelegate.swift in Sources */ = {isa = PBXBuildFile; fileRef = 0FEC333822A1179A000E1A6A /* AppDelegate.swift */; };
		0FEC333B22A1179A000E1A6A /* ViewController.swift in Sources */ = {isa = PBXBuildFile; fileRef = 0FEC333A22A1179A000E1A6A /* ViewController.swift */; };
		0FEC333E22A1179A000E1A6A /* Main.storyboard in Resources */ = {isa = PBXBuildFile; fileRef = 0FEC333C22A1179A000E1A6A /* Main.storyboard */; };
		0FEC334022A117AB000E1A6A /* Assets.xcassets in Resources */ = {isa = PBXBuildFile; fileRef = 0FEC333F22A117AB000E1A6A /* Assets.xcassets */; };
		0FEC334322A117AB000E1A6A /* LaunchScreen.storyboard in Resources */ = {isa = PBXBuildFile; fileRef = 0FEC334122A117AB000E1A6A /* LaunchScreen.storyboard */; };
		0FEC334B22A11874000E1A6A /* LinkBuilding.swift in Sources */ = {isa = PBXBuildFile; fileRef = 0FEC334A22A11874000E1A6A /* LinkBuilding.swift */; };
		0FEC334D22A1190F000E1A6A /* LinkHandling.swift in Sources */ = {isa = PBXBuildFile; fileRef = 0FEC334C22A1190E000E1A6A /* LinkHandling.swift */; };
		0FEC334F22A1196D000E1A6A /* LinkErrors.swift in Sources */ = {isa = PBXBuildFile; fileRef = 0FEC334E22A1196D000E1A6A /* LinkErrors.swift */; };
		0FEC335122A119EA000E1A6A /* LinkConstants.swift in Sources */ = {isa = PBXBuildFile; fileRef = 0FEC335022A119EA000E1A6A /* LinkConstants.swift */; };
		0FEC335522A11C79000E1A6A /* FirebaseURLBuilder.swift in Sources */ = {isa = PBXBuildFile; fileRef = 0FEC335422A11C79000E1A6A /* FirebaseURLBuilder.swift */; };
		0FEC335722A11D31000E1A6A /* FirebaseEnvironment.swift in Sources */ = {isa = PBXBuildFile; fileRef = 0FEC335622A11D31000E1A6A /* FirebaseEnvironment.swift */; };
		0FEC335922A12137000E1A6A /* FirebaseDynamicLinkBuilder.swift in Sources */ = {isa = PBXBuildFile; fileRef = 0FEC335822A12137000E1A6A /* FirebaseDynamicLinkBuilder.swift */; };
		0FEC335B22A12159000E1A6A /* FirebaseComponentsBuilder.swift in Sources */ = {isa = PBXBuildFile; fileRef = 0FEC335A22A12159000E1A6A /* FirebaseComponentsBuilder.swift */; };
		0FEC336422A2F80B000E1A6A /* FirebaseDynamicLinksHandler.swift in Sources */ = {isa = PBXBuildFile; fileRef = 0FEC336322A2F80A000E1A6A /* FirebaseDynamicLinksHandler.swift */; };
		0FEC336622A2F96D000E1A6A /* URLComponents+CocoaHeadsDemo.swift in Sources */ = {isa = PBXBuildFile; fileRef = 0FEC336522A2F96D000E1A6A /* URLComponents+CocoaHeadsDemo.swift */; };
		0FEC336B22A2FFBE000E1A6A /* GoogleService-Info.plist in Resources */ = {isa = PBXBuildFile; fileRef = 0FEC336A22A2FFBE000E1A6A /* GoogleService-Info.plist */; };
		F2A5F26A6F69F2621D571C74 /* Pods_CocoaHeadsDemo.framework in Frameworks */ = {isa = PBXBuildFile; fileRef = 91568F46595BC5609B49F101 /* Pods_CocoaHeadsDemo.framework */; };
/* End PBXBuildFile section */

/* Begin PBXFileReference section */
		0FEC333522A1179A000E1A6A /* CocoaHeadsDemo.app */ = {isa = PBXFileReference; explicitFileType = wrapper.application; includeInIndex = 0; path = CocoaHeadsDemo.app; sourceTree = BUILT_PRODUCTS_DIR; };
		0FEC333822A1179A000E1A6A /* AppDelegate.swift */ = {isa = PBXFileReference; lastKnownFileType = sourcecode.swift; path = AppDelegate.swift; sourceTree = "<group>"; };
		0FEC333A22A1179A000E1A6A /* ViewController.swift */ = {isa = PBXFileReference; lastKnownFileType = sourcecode.swift; path = ViewController.swift; sourceTree = "<group>"; };
		0FEC333D22A1179A000E1A6A /* Base */ = {isa = PBXFileReference; lastKnownFileType = file.storyboard; name = Base; path = Base.lproj/Main.storyboard; sourceTree = "<group>"; };
		0FEC333F22A117AB000E1A6A /* Assets.xcassets */ = {isa = PBXFileReference; lastKnownFileType = folder.assetcatalog; path = Assets.xcassets; sourceTree = "<group>"; };
		0FEC334222A117AB000E1A6A /* Base */ = {isa = PBXFileReference; lastKnownFileType = file.storyboard; name = Base; path = Base.lproj/LaunchScreen.storyboard; sourceTree = "<group>"; };
		0FEC334422A117AB000E1A6A /* Info.plist */ = {isa = PBXFileReference; lastKnownFileType = text.plist.xml; path = Info.plist; sourceTree = "<group>"; };
		0FEC334A22A11874000E1A6A /* LinkBuilding.swift */ = {isa = PBXFileReference; lastKnownFileType = sourcecode.swift; path = LinkBuilding.swift; sourceTree = "<group>"; };
		0FEC334C22A1190E000E1A6A /* LinkHandling.swift */ = {isa = PBXFileReference; lastKnownFileType = sourcecode.swift; path = LinkHandling.swift; sourceTree = "<group>"; };
		0FEC334E22A1196D000E1A6A /* LinkErrors.swift */ = {isa = PBXFileReference; lastKnownFileType = sourcecode.swift; path = LinkErrors.swift; sourceTree = "<group>"; };
		0FEC335022A119EA000E1A6A /* LinkConstants.swift */ = {isa = PBXFileReference; lastKnownFileType = sourcecode.swift; path = LinkConstants.swift; sourceTree = "<group>"; };
		0FEC335422A11C79000E1A6A /* FirebaseURLBuilder.swift */ = {isa = PBXFileReference; lastKnownFileType = sourcecode.swift; path = FirebaseURLBuilder.swift; sourceTree = "<group>"; };
		0FEC335622A11D31000E1A6A /* FirebaseEnvironment.swift */ = {isa = PBXFileReference; lastKnownFileType = sourcecode.swift; path = FirebaseEnvironment.swift; sourceTree = "<group>"; };
		0FEC335822A12137000E1A6A /* FirebaseDynamicLinkBuilder.swift */ = {isa = PBXFileReference; lastKnownFileType = sourcecode.swift; path = FirebaseDynamicLinkBuilder.swift; sourceTree = "<group>"; };
		0FEC335A22A12159000E1A6A /* FirebaseComponentsBuilder.swift */ = {isa = PBXFileReference; lastKnownFileType = sourcecode.swift; path = FirebaseComponentsBuilder.swift; sourceTree = "<group>"; };
		0FEC335E22A2DAD4000E1A6A /* CocoaHeadsDemo.entitlements */ = {isa = PBXFileReference; lastKnownFileType = text.plist.entitlements; path = CocoaHeadsDemo.entitlements; sourceTree = "<group>"; };
		0FEC336322A2F80A000E1A6A /* FirebaseDynamicLinksHandler.swift */ = {isa = PBXFileReference; lastKnownFileType = sourcecode.swift; path = FirebaseDynamicLinksHandler.swift; sourceTree = "<group>"; };
		0FEC336522A2F96D000E1A6A /* URLComponents+CocoaHeadsDemo.swift */ = {isa = PBXFileReference; lastKnownFileType = sourcecode.swift; path = "URLComponents+CocoaHeadsDemo.swift"; sourceTree = "<group>"; };
		0FEC336A22A2FFBE000E1A6A /* GoogleService-Info.plist */ = {isa = PBXFileReference; fileEncoding = 4; lastKnownFileType = text.plist.xml; path = "GoogleService-Info.plist"; sourceTree = SOURCE_ROOT; };
		45AD80E1751407561B656853 /* Pods-CocoaHeadsDemo.release.xcconfig */ = {isa = PBXFileReference; includeInIndex = 1; lastKnownFileType = text.xcconfig; name = "Pods-CocoaHeadsDemo.release.xcconfig"; path = "Target Support Files/Pods-CocoaHeadsDemo/Pods-CocoaHeadsDemo.release.xcconfig"; sourceTree = "<group>"; };
		78833CA8CA5A361166A115E3 /* Pods-CocoaHeadsDemo.debug.xcconfig */ = {isa = PBXFileReference; includeInIndex = 1; lastKnownFileType = text.xcconfig; name = "Pods-CocoaHeadsDemo.debug.xcconfig"; path = "Target Support Files/Pods-CocoaHeadsDemo/Pods-CocoaHeadsDemo.debug.xcconfig"; sourceTree = "<group>"; };
		91568F46595BC5609B49F101 /* Pods_CocoaHeadsDemo.framework */ = {isa = PBXFileReference; explicitFileType = wrapper.framework; includeInIndex = 0; path = Pods_CocoaHeadsDemo.framework; sourceTree = BUILT_PRODUCTS_DIR; };
/* End PBXFileReference section */

/* Begin PBXFrameworksBuildPhase section */
		0FEC333222A1179A000E1A6A /* Frameworks */ = {
			isa = PBXFrameworksBuildPhase;
			buildActionMask = 2147483647;
			files = (
				F2A5F26A6F69F2621D571C74 /* Pods_CocoaHeadsDemo.framework in Frameworks */,
			);
			runOnlyForDeploymentPostprocessing = 0;
		};
/* End PBXFrameworksBuildPhase section */

/* Begin PBXGroup section */
		0FEC332C22A11799000E1A6A = {
			isa = PBXGroup;
			children = (
				0FEC333722A1179A000E1A6A /* CocoaHeadsDemo */,
				0FEC333622A1179A000E1A6A /* Products */,
				8624C6522C0FF3B8A6918D6D /* Pods */,
				2DEC1EFE108E506C2ADE8608 /* Frameworks */,
			);
			sourceTree = "<group>";
		};
		0FEC333622A1179A000E1A6A /* Products */ = {
			isa = PBXGroup;
			children = (
				0FEC333522A1179A000E1A6A /* CocoaHeadsDemo.app */,
			);
			name = Products;
			sourceTree = "<group>";
		};
		0FEC333722A1179A000E1A6A /* CocoaHeadsDemo */ = {
			isa = PBXGroup;
			children = (
				0FEC336722A2FD2C000E1A6A /* Links */,
				0FEC336822A2FD46000E1A6A /* Firebase */,
				0FEC333822A1179A000E1A6A /* AppDelegate.swift */,
				0FEC333A22A1179A000E1A6A /* ViewController.swift */,
				0FEC336522A2F96D000E1A6A /* URLComponents+CocoaHeadsDemo.swift */,
				0FEC335E22A2DAD4000E1A6A /* CocoaHeadsDemo.entitlements */,
				0FEC333C22A1179A000E1A6A /* Main.storyboard */,
				0FEC333F22A117AB000E1A6A /* Assets.xcassets */,
				0FEC334122A117AB000E1A6A /* LaunchScreen.storyboard */,
				0FEC334422A117AB000E1A6A /* Info.plist */,
				0FEC336A22A2FFBE000E1A6A /* GoogleService-Info.plist */,
			);
			path = CocoaHeadsDemo;
			sourceTree = "<group>";
		};
		0FEC336722A2FD2C000E1A6A /* Links */ = {
			isa = PBXGroup;
			children = (
				0FEC334A22A11874000E1A6A /* LinkBuilding.swift */,
				0FEC334C22A1190E000E1A6A /* LinkHandling.swift */,
				0FEC334E22A1196D000E1A6A /* LinkErrors.swift */,
				0FEC335022A119EA000E1A6A /* LinkConstants.swift */,
			);
			path = Links;
			sourceTree = "<group>";
		};
		0FEC336822A2FD46000E1A6A /* Firebase */ = {
			isa = PBXGroup;
			children = (
				0FEC335422A11C79000E1A6A /* FirebaseURLBuilder.swift */,
				0FEC335622A11D31000E1A6A /* FirebaseEnvironment.swift */,
				0FEC335822A12137000E1A6A /* FirebaseDynamicLinkBuilder.swift */,
				0FEC335A22A12159000E1A6A /* FirebaseComponentsBuilder.swift */,
				0FEC336322A2F80A000E1A6A /* FirebaseDynamicLinksHandler.swift */,
			);
			path = Firebase;
			sourceTree = "<group>";
		};
		2DEC1EFE108E506C2ADE8608 /* Frameworks */ = {
			isa = PBXGroup;
			children = (
				91568F46595BC5609B49F101 /* Pods_CocoaHeadsDemo.framework */,
			);
			name = Frameworks;
			sourceTree = "<group>";
		};
		8624C6522C0FF3B8A6918D6D /* Pods */ = {
			isa = PBXGroup;
			children = (
				78833CA8CA5A361166A115E3 /* Pods-CocoaHeadsDemo.debug.xcconfig */,
				45AD80E1751407561B656853 /* Pods-CocoaHeadsDemo.release.xcconfig */,
			);
			path = Pods;
			sourceTree = "<group>";
		};
/* End PBXGroup section */

/* Begin PBXNativeTarget section */
		0FEC333422A1179A000E1A6A /* CocoaHeadsDemo */ = {
			isa = PBXNativeTarget;
			buildConfigurationList = 0FEC334722A117AB000E1A6A /* Build configuration list for PBXNativeTarget "CocoaHeadsDemo" */;
			buildPhases = (
				9DFC701F4F0124B7C9380B18 /* [CP] Check Pods Manifest.lock */,
				0FEC333122A1179A000E1A6A /* Sources */,
				0FEC333222A1179A000E1A6A /* Frameworks */,
				0FEC333322A1179A000E1A6A /* Resources */,
				6E39BC84F9873B196094EB9A /* [CP] Embed Pods Frameworks */,
			);
			buildRules = (
			);
			dependencies = (
			);
			name = CocoaHeadsDemo;
			productName = CocoaHeadsDemo;
			productReference = 0FEC333522A1179A000E1A6A /* CocoaHeadsDemo.app */;
			productType = "com.apple.product-type.application";
		};
/* End PBXNativeTarget section */

/* Begin PBXProject section */
		0FEC332D22A11799000E1A6A /* Project object */ = {
			isa = PBXProject;
			attributes = {
				LastSwiftUpdateCheck = 1020;
				LastUpgradeCheck = 1020;
				ORGANIZATIONNAME = Pedro;
				TargetAttributes = {
					0FEC333422A1179A000E1A6A = {
						CreatedOnToolsVersion = 10.2.1;
						SystemCapabilities = {
							com.apple.SafariKeychain = {
								enabled = 1;
							};
						};
					};
				};
			};
			buildConfigurationList = 0FEC333022A11799000E1A6A /* Build configuration list for PBXProject "CocoaHeadsDemo" */;
			compatibilityVersion = "Xcode 9.3";
			developmentRegion = en;
			hasScannedForEncodings = 0;
			knownRegions = (
				en,
				Base,
			);
			mainGroup = 0FEC332C22A11799000E1A6A;
			productRefGroup = 0FEC333622A1179A000E1A6A /* Products */;
			projectDirPath = "";
			projectRoot = "";
			targets = (
				0FEC333422A1179A000E1A6A /* CocoaHeadsDemo */,
			);
		};
/* End PBXProject section */

/* Begin PBXResourcesBuildPhase section */
		0FEC333322A1179A000E1A6A /* Resources */ = {
			isa = PBXResourcesBuildPhase;
			buildActionMask = 2147483647;
			files = (
				0FEC334322A117AB000E1A6A /* LaunchScreen.storyboard in Resources */,
				0FEC336B22A2FFBE000E1A6A /* GoogleService-Info.plist in Resources */,
				0FEC334022A117AB000E1A6A /* Assets.xcassets in Resources */,
				0FEC333E22A1179A000E1A6A /* Main.storyboard in Resources */,
			);
			runOnlyForDeploymentPostprocessing = 0;
		};
/* End PBXResourcesBuildPhase section */

/* Begin PBXShellScriptBuildPhase section */
		6E39BC84F9873B196094EB9A /* [CP] Embed Pods Frameworks */ = {
			isa = PBXShellScriptBuildPhase;
			buildActionMask = 2147483647;
			files = (
			);
			inputFileListPaths = (
			);
			inputPaths = (
				"${PODS_ROOT}/Target Support Files/Pods-CocoaHeadsDemo/Pods-CocoaHeadsDemo-frameworks.sh",
				"${BUILT_PRODUCTS_DIR}/GoogleUtilities/GoogleUtilities.framework",
				"${BUILT_PRODUCTS_DIR}/nanopb/nanopb.framework",
			);
			name = "[CP] Embed Pods Frameworks";
			outputFileListPaths = (
			);
			outputPaths = (
				"${TARGET_BUILD_DIR}/${FRAMEWORKS_FOLDER_PATH}/GoogleUtilities.framework",
				"${TARGET_BUILD_DIR}/${FRAMEWORKS_FOLDER_PATH}/nanopb.framework",
			);
			runOnlyForDeploymentPostprocessing = 0;
			shellPath = /bin/sh;
			shellScript = "\"${PODS_ROOT}/Target Support Files/Pods-CocoaHeadsDemo/Pods-CocoaHeadsDemo-frameworks.sh\"\n";
			showEnvVarsInLog = 0;
		};
		9DFC701F4F0124B7C9380B18 /* [CP] Check Pods Manifest.lock */ = {
			isa = PBXShellScriptBuildPhase;
			buildActionMask = 2147483647;
			files = (
			);
			inputFileListPaths = (
			);
			inputPaths = (
				"${PODS_PODFILE_DIR_PATH}/Podfile.lock",
				"${PODS_ROOT}/Manifest.lock",
			);
			name = "[CP] Check Pods Manifest.lock";
			outputFileListPaths = (
			);
			outputPaths = (
				"$(DERIVED_FILE_DIR)/Pods-CocoaHeadsDemo-checkManifestLockResult.txt",
			);
			runOnlyForDeploymentPostprocessing = 0;
			shellPath = /bin/sh;
			shellScript = "diff \"${PODS_PODFILE_DIR_PATH}/Podfile.lock\" \"${PODS_ROOT}/Manifest.lock\" > /dev/null\nif [ $? != 0 ] ; then\n    # print error to STDERR\n    echo \"error: The sandbox is not in sync with the Podfile.lock. Run 'pod install' or update your CocoaPods installation.\" >&2\n    exit 1\nfi\n# This output is used by Xcode 'outputs' to avoid re-running this script phase.\necho \"SUCCESS\" > \"${SCRIPT_OUTPUT_FILE_0}\"\n";
			showEnvVarsInLog = 0;
		};
/* End PBXShellScriptBuildPhase section */

/* Begin PBXSourcesBuildPhase section */
		0FEC333122A1179A000E1A6A /* Sources */ = {
			isa = PBXSourcesBuildPhase;
			buildActionMask = 2147483647;
			files = (
				0FEC336622A2F96D000E1A6A /* URLComponents+CocoaHeadsDemo.swift in Sources */,
				0FEC334D22A1190F000E1A6A /* LinkHandling.swift in Sources */,
				0FEC334F22A1196D000E1A6A /* LinkErrors.swift in Sources */,
				0FEC335722A11D31000E1A6A /* FirebaseEnvironment.swift in Sources */,
				0FEC335922A12137000E1A6A /* FirebaseDynamicLinkBuilder.swift in Sources */,
				0FEC333B22A1179A000E1A6A /* ViewController.swift in Sources */,
				0FEC333922A1179A000E1A6A /* AppDelegate.swift in Sources */,
				0FEC336422A2F80B000E1A6A /* FirebaseDynamicLinksHandler.swift in Sources */,
				0FEC334B22A11874000E1A6A /* LinkBuilding.swift in Sources */,
				0FEC335122A119EA000E1A6A /* LinkConstants.swift in Sources */,
				0FEC335B22A12159000E1A6A /* FirebaseComponentsBuilder.swift in Sources */,
				0FEC335522A11C79000E1A6A /* FirebaseURLBuilder.swift in Sources */,
			);
			runOnlyForDeploymentPostprocessing = 0;
		};
/* End PBXSourcesBuildPhase section */

/* Begin PBXVariantGroup section */
		0FEC333C22A1179A000E1A6A /* Main.storyboard */ = {
			isa = PBXVariantGroup;
			children = (
				0FEC333D22A1179A000E1A6A /* Base */,
			);
			name = Main.storyboard;
			sourceTree = "<group>";
		};
		0FEC334122A117AB000E1A6A /* LaunchScreen.storyboard */ = {
			isa = PBXVariantGroup;
			children = (
				0FEC334222A117AB000E1A6A /* Base */,
			);
			name = LaunchScreen.storyboard;
			sourceTree = "<group>";
		};
/* End PBXVariantGroup section */

/* Begin XCBuildConfiguration section */
		0FEC334522A117AB000E1A6A /* Debug */ = {
			isa = XCBuildConfiguration;
			buildSettings = {
				ALWAYS_SEARCH_USER_PATHS = NO;
				CLANG_ANALYZER_NONNULL = YES;
				CLANG_ANALYZER_NUMBER_OBJECT_CONVERSION = YES_AGGRESSIVE;
				CLANG_CXX_LANGUAGE_STANDARD = "gnu++14";
				CLANG_CXX_LIBRARY = "libc++";
				CLANG_ENABLE_MODULES = YES;
				CLANG_ENABLE_OBJC_ARC = YES;
				CLANG_ENABLE_OBJC_WEAK = YES;
				CLANG_WARN_BLOCK_CAPTURE_AUTORELEASING = YES;
				CLANG_WARN_BOOL_CONVERSION = YES;
				CLANG_WARN_COMMA = YES;
				CLANG_WARN_CONSTANT_CONVERSION = YES;
				CLANG_WARN_DEPRECATED_OBJC_IMPLEMENTATIONS = YES;
				CLANG_WARN_DIRECT_OBJC_ISA_USAGE = YES_ERROR;
				CLANG_WARN_DOCUMENTATION_COMMENTS = YES;
				CLANG_WARN_EMPTY_BODY = YES;
				CLANG_WARN_ENUM_CONVERSION = YES;
				CLANG_WARN_INFINITE_RECURSION = YES;
				CLANG_WARN_INT_CONVERSION = YES;
				CLANG_WARN_NON_LITERAL_NULL_CONVERSION = YES;
				CLANG_WARN_OBJC_IMPLICIT_RETAIN_SELF = YES;
				CLANG_WARN_OBJC_LITERAL_CONVERSION = YES;
				CLANG_WARN_OBJC_ROOT_CLASS = YES_ERROR;
				CLANG_WARN_RANGE_LOOP_ANALYSIS = YES;
				CLANG_WARN_STRICT_PROTOTYPES = YES;
				CLANG_WARN_SUSPICIOUS_MOVE = YES;
				CLANG_WARN_UNGUARDED_AVAILABILITY = YES_AGGRESSIVE;
				CLANG_WARN_UNREACHABLE_CODE = YES;
				CLANG_WARN__DUPLICATE_METHOD_MATCH = YES;
				CODE_SIGN_IDENTITY = "iPhone Developer";
				COPY_PHASE_STRIP = NO;
				DEBUG_INFORMATION_FORMAT = dwarf;
				ENABLE_STRICT_OBJC_MSGSEND = YES;
				ENABLE_TESTABILITY = YES;
				GCC_C_LANGUAGE_STANDARD = gnu11;
				GCC_DYNAMIC_NO_PIC = NO;
				GCC_NO_COMMON_BLOCKS = YES;
				GCC_OPTIMIZATION_LEVEL = 0;
				GCC_PREPROCESSOR_DEFINITIONS = (
					"DEBUG=1",
					"$(inherited)",
				);
				GCC_WARN_64_TO_32_BIT_CONVERSION = YES;
				GCC_WARN_ABOUT_RETURN_TYPE = YES_ERROR;
				GCC_WARN_UNDECLARED_SELECTOR = YES;
				GCC_WARN_UNINITIALIZED_AUTOS = YES_AGGRESSIVE;
				GCC_WARN_UNUSED_FUNCTION = YES;
				GCC_WARN_UNUSED_VARIABLE = YES;
				IPHONEOS_DEPLOYMENT_TARGET = 12.2;
				MTL_ENABLE_DEBUG_INFO = INCLUDE_SOURCE;
				MTL_FAST_MATH = YES;
				ONLY_ACTIVE_ARCH = YES;
				SDKROOT = iphoneos;
				SWIFT_ACTIVE_COMPILATION_CONDITIONS = DEBUG;
				SWIFT_OPTIMIZATION_LEVEL = "-Onone";
			};
			name = Debug;
		};
		0FEC334622A117AB000E1A6A /* Release */ = {
			isa = XCBuildConfiguration;
			buildSettings = {
				ALWAYS_SEARCH_USER_PATHS = NO;
				CLANG_ANALYZER_NONNULL = YES;
				CLANG_ANALYZER_NUMBER_OBJECT_CONVERSION = YES_AGGRESSIVE;
				CLANG_CXX_LANGUAGE_STANDARD = "gnu++14";
				CLANG_CXX_LIBRARY = "libc++";
				CLANG_ENABLE_MODULES = YES;
				CLANG_ENABLE_OBJC_ARC = YES;
				CLANG_ENABLE_OBJC_WEAK = YES;
				CLANG_WARN_BLOCK_CAPTURE_AUTORELEASING = YES;
				CLANG_WARN_BOOL_CONVERSION = YES;
				CLANG_WARN_COMMA = YES;
				CLANG_WARN_CONSTANT_CONVERSION = YES;
				CLANG_WARN_DEPRECATED_OBJC_IMPLEMENTATIONS = YES;
				CLANG_WARN_DIRECT_OBJC_ISA_USAGE = YES_ERROR;
				CLANG_WARN_DOCUMENTATION_COMMENTS = YES;
				CLANG_WARN_EMPTY_BODY = YES;
				CLANG_WARN_ENUM_CONVERSION = YES;
				CLANG_WARN_INFINITE_RECURSION = YES;
				CLANG_WARN_INT_CONVERSION = YES;
				CLANG_WARN_NON_LITERAL_NULL_CONVERSION = YES;
				CLANG_WARN_OBJC_IMPLICIT_RETAIN_SELF = YES;
				CLANG_WARN_OBJC_LITERAL_CONVERSION = YES;
				CLANG_WARN_OBJC_ROOT_CLASS = YES_ERROR;
				CLANG_WARN_RANGE_LOOP_ANALYSIS = YES;
				CLANG_WARN_STRICT_PROTOTYPES = YES;
				CLANG_WARN_SUSPICIOUS_MOVE = YES;
				CLANG_WARN_UNGUARDED_AVAILABILITY = YES_AGGRESSIVE;
				CLANG_WARN_UNREACHABLE_CODE = YES;
				CLANG_WARN__DUPLICATE_METHOD_MATCH = YES;
				CODE_SIGN_IDENTITY = "iPhone Developer";
				COPY_PHASE_STRIP = NO;
				DEBUG_INFORMATION_FORMAT = "dwarf-with-dsym";
				ENABLE_NS_ASSERTIONS = NO;
				ENABLE_STRICT_OBJC_MSGSEND = YES;
				GCC_C_LANGUAGE_STANDARD = gnu11;
				GCC_NO_COMMON_BLOCKS = YES;
				GCC_WARN_64_TO_32_BIT_CONVERSION = YES;
				GCC_WARN_ABOUT_RETURN_TYPE = YES_ERROR;
				GCC_WARN_UNDECLARED_SELECTOR = YES;
				GCC_WARN_UNINITIALIZED_AUTOS = YES_AGGRESSIVE;
				GCC_WARN_UNUSED_FUNCTION = YES;
				GCC_WARN_UNUSED_VARIABLE = YES;
				IPHONEOS_DEPLOYMENT_TARGET = 12.2;
				MTL_ENABLE_DEBUG_INFO = NO;
				MTL_FAST_MATH = YES;
				SDKROOT = iphoneos;
				SWIFT_COMPILATION_MODE = wholemodule;
				SWIFT_OPTIMIZATION_LEVEL = "-O";
				VALIDATE_PRODUCT = YES;
			};
			name = Release;
		};
		0FEC334822A117AB000E1A6A /* Debug */ = {
			isa = XCBuildConfiguration;
			baseConfigurationReference = 78833CA8CA5A361166A115E3 /* Pods-CocoaHeadsDemo.debug.xcconfig */;
			buildSettings = {
				ASSETCATALOG_COMPILER_APPICON_NAME = AppIcon;
				CODE_SIGN_ENTITLEMENTS = CocoaHeadsDemo/CocoaHeadsDemo.entitlements;
				CODE_SIGN_STYLE = Automatic;
				DEVELOPMENT_TEAM = UP5N2446V5;
				FIREBASE_DOMAIN = pedrodemo.page.link;
				INFOPLIST_FILE = "$(SRCROOT)/CocoaHeadsDemo/Info.plist";
				LD_RUNPATH_SEARCH_PATHS = (
					"$(inherited)",
					"@executable_path/Frameworks",
				);
				PRODUCT_BUNDLE_IDENTIFIER = com.pedro.CocoaHeadsDemo;
				PRODUCT_NAME = "$(TARGET_NAME)";
				SWIFT_VERSION = 5.0;
				TARGETED_DEVICE_FAMILY = "1,2";
				WEB_HOST = staging.fishbrain.com;
				WEB_SCHEME = https;
			};
			name = Debug;
		};
		0FEC334922A117AB000E1A6A /* Release */ = {
			isa = XCBuildConfiguration;
			baseConfigurationReference = 45AD80E1751407561B656853 /* Pods-CocoaHeadsDemo.release.xcconfig */;
			buildSettings = {
				ASSETCATALOG_COMPILER_APPICON_NAME = AppIcon;
				CODE_SIGN_ENTITLEMENTS = CocoaHeadsDemo/CocoaHeadsDemo.entitlements;
				CODE_SIGN_STYLE = Automatic;
				DEVELOPMENT_TEAM = UP5N2446V5;
				FIREBASE_DOMAIN = pedrodemo.page.link;
				INFOPLIST_FILE = "$(SRCROOT)/CocoaHeadsDemo/Info.plist";
				LD_RUNPATH_SEARCH_PATHS = (
					"$(inherited)",
					"@executable_path/Frameworks",
				);
				PRODUCT_BUNDLE_IDENTIFIER = com.pedro.CocoaHeadsDemo;
				PRODUCT_NAME = "$(TARGET_NAME)";
				SWIFT_VERSION = 5.0;
				TARGETED_DEVICE_FAMILY = "1,2";
				WEB_HOST = staging.fishbrain.com;
				WEB_SCHEME = https;
			};
			name = Release;
		};
/* End XCBuildConfiguration section */

/* Begin XCConfigurationList section */
		0FEC333022A11799000E1A6A /* Build configuration list for PBXProject "CocoaHeadsDemo" */ = {
			isa = XCConfigurationList;
			buildConfigurations = (
				0FEC334522A117AB000E1A6A /* Debug */,
				0FEC334622A117AB000E1A6A /* Release */,
			);
			defaultConfigurationIsVisible = 0;
			defaultConfigurationName = Release;
		};
		0FEC334722A117AB000E1A6A /* Build configuration list for PBXNativeTarget "CocoaHeadsDemo" */ = {
			isa = XCConfigurationList;
			buildConfigurations = (
				0FEC334822A117AB000E1A6A /* Debug */,
				0FEC334922A117AB000E1A6A /* Release */,
			);
			defaultConfigurationIsVisible = 0;
			defaultConfigurationName = Release;
		};
/* End XCConfigurationList section */
	};
	rootObject = 0FEC332D22A11799000E1A6A /* Project object */;
}
